// !$*UTF8*$!
{
	archiveVersion = 1;
	classes = {
	};
	objectVersion = 56;
	objects = {

/* Begin PBXBuildFile section */
		A10001000000000000000001 /* ForgeApp.swift in Sources */ = {isa = PBXBuildFile; fileRef = B10001000000000000000001 /* ForgeApp.swift */; };
		A10001000000000000000002 /* AppState.swift in Sources */ = {isa = PBXBuildFile; fileRef = B10001000000000000000002 /* AppState.swift */; };
		A10001000000000000000003 /* AppRouter.swift in Sources */ = {isa = PBXBuildFile; fileRef = B10001000000000000000003 /* AppRouter.swift */; };
		A10001000000000000000005 /* TopbarComponents.swift in Sources */ = {isa = PBXBuildFile; fileRef = B10001000000000000000005 /* TopbarComponents.swift */; };
		A10001000000000000000042 /* Topbar.swift in Sources */ = {isa = PBXBuildFile; fileRef = B10001000000000000000042 /* Topbar.swift */; };
		A10001000000000000000006 /* NotificationService.swift in Sources */ = {isa = PBXBuildFile; fileRef = B10001000000000000000006 /* NotificationService.swift */; };
		A10001000000000000000007 /* AuthService.swift in Sources */ = {isa = PBXBuildFile; fileRef = B10001000000000000000007 /* AuthService.swift */; };
		A10001000000000000000008 /* LoginView.swift in Sources */ = {isa = PBXBuildFile; fileRef = B10001000000000000000008 /* LoginView.swift */; };
		A10001000000000000000009 /* Project.swift in Sources */ = {isa = PBXBuildFile; fileRef = B10001000000000000000009 /* Project.swift */; };
		A1000100000000000000000A /* Page.swift in Sources */ = {isa = PBXBuildFile; fileRef = B1000100000000000000000A /* Page.swift */; };
		A1000100000000000000000B /* PageFilters.swift in Sources */ = {isa = PBXBuildFile; fileRef = B1000100000000000000000B /* PageFilters.swift */; };
		A1000100000000000000000C /* ProjectFormatters.swift in Sources */ = {isa = PBXBuildFile; fileRef = B1000100000000000000000C /* ProjectFormatters.swift */; };
		A1000100000000000000000D /* AIProvider.swift in Sources */ = {isa = PBXBuildFile; fileRef = B1000100000000000000000D /* AIProvider.swift */; };
		A1000100000000000000000E /* AIService.swift in Sources */ = {isa = PBXBuildFile; fileRef = B1000100000000000000000E /* AIService.swift */; };
		A1000100000000000000000F /* AIError.swift in Sources */ = {isa = PBXBuildFile; fileRef = B1000100000000000000000F /* AIError.swift */; };
		A10001000000000000000010 /* GroqService.swift in Sources */ = {isa = PBXBuildFile; fileRef = B10001000000000000000010 /* GroqService.swift */; };
		A10001000000000000000011 /* ClaudeService.swift in Sources */ = {isa = PBXBuildFile; fileRef = B10001000000000000000011 /* ClaudeService.swift */; };
		A10001000000000000000044 /* CerebrasService.swift in Sources */ = {isa = PBXBuildFile; fileRef = B10001000000000000000044 /* CerebrasService.swift */; };
		A10001000000000000000045 /* TogetherService.swift in Sources */ = {isa = PBXBuildFile; fileRef = B10001000000000000000045 /* TogetherService.swift */; };
		A10001000000000000000046 /* ToolDefinition.swift in Sources */ = {isa = PBXBuildFile; fileRef = B10001000000000000000046 /* ToolDefinition.swift */; };
		A10001000000000000000047 /* ToolExecutor.swift in Sources */ = {isa = PBXBuildFile; fileRef = B10001000000000000000047 /* ToolExecutor.swift */; };
		A10001000000000000000048 /* AgentLoop.swift in Sources */ = {isa = PBXBuildFile; fileRef = B10001000000000000000048 /* AgentLoop.swift */; };
		A10001000000000000000012 /* StreamingParser.swift in Sources */ = {isa = PBXBuildFile; fileRef = B10001000000000000000012 /* StreamingParser.swift */; };
		A10001000000000000000013 /* SystemPrompts.swift in Sources */ = {isa = PBXBuildFile; fileRef = B10001000000000000000013 /* SystemPrompts.swift */; };
		A10001000000000000000014 /* KeychainHelper.swift in Sources */ = {isa = PBXBuildFile; fileRef = B10001000000000000000014 /* KeychainHelper.swift */; };
		A10001000000000000000015 /* ChatMessage.swift in Sources */ = {isa = PBXBuildFile; fileRef = B10001000000000000000015 /* ChatMessage.swift */; };
		A10001000000000000000016 /* ChatViewModel.swift in Sources */ = {isa = PBXBuildFile; fileRef = B10001000000000000000016 /* ChatViewModel.swift */; };
		A10001000000000000000017 /* ChatTabContent.swift in Sources */ = {isa = PBXBuildFile; fileRef = B10001000000000000000017 /* ChatTabContent.swift */; };
		A10001000000000000000018 /* ChatBubble.swift in Sources */ = {isa = PBXBuildFile; fileRef = B10001000000000000000018 /* ChatBubble.swift */; };
		A10001000000000000000019 /* FloatingChatWindow.swift in Sources */ = {isa = PBXBuildFile; fileRef = B10001000000000000000019 /* FloatingChatWindow.swift */; };
		A1000100000000000000001A /* WebPreview.swift in Sources */ = {isa = PBXBuildFile; fileRef = B1000100000000000000001A /* WebPreview.swift */; };
		A1000100000000000000001C /* ProjectFile.swift in Sources */ = {isa = PBXBuildFile; fileRef = B1000100000000000000001C /* ProjectFile.swift */; };
		A1000100000000000000001D /* CodeViewModel.swift in Sources */ = {isa = PBXBuildFile; fileRef = B1000100000000000000001D /* CodeViewModel.swift */; };
		A1000100000000000000001E /* CodeEditorView.swift in Sources */ = {isa = PBXBuildFile; fileRef = B1000100000000000000001E /* CodeEditorView.swift */; };
		A1000100000000000000001F /* CodeModeView.swift in Sources */ = {isa = PBXBuildFile; fileRef = B1000100000000000000001F /* CodeModeView.swift */; };
		A10001000000000000000020 /* FileTreeView.swift in Sources */ = {isa = PBXBuildFile; fileRef = B10001000000000000000020 /* FileTreeView.swift */; };
		A10001000000000000000021 /* LocalProject.swift in Sources */ = {isa = PBXBuildFile; fileRef = B10001000000000000000021 /* LocalProject.swift */; };
		A10001000000000000000022 /* LocalWorkspaceTypes.swift in Sources */ = {isa = PBXBuildFile; fileRef = B10001000000000000000022 /* LocalWorkspaceTypes.swift */; };
		A10001000000000000000023 /* LocalWorkspaceService.swift in Sources */ = {isa = PBXBuildFile; fileRef = B10001000000000000000023 /* LocalWorkspaceService.swift */; };
		A10001000000000000000024 /* LocalWorkspaceService+Files.swift in Sources */ = {isa = PBXBuildFile; fileRef = B10001000000000000000024 /* LocalWorkspaceService+Files.swift */; };
		A10001000000000000000025 /* LocalWorkspaceService+Preview.swift in Sources */ = {isa = PBXBuildFile; fileRef = B10001000000000000000025 /* LocalWorkspaceService+Preview.swift */; };
		A10001000000000000000026 /* LocalWorkspaceService+Git.swift in Sources */ = {isa = PBXBuildFile; fileRef = B10001000000000000000026 /* LocalWorkspaceService+Git.swift */; };
		A10001000000000000000027 /* LocalWorkspaceService+Shell.swift in Sources */ = {isa = PBXBuildFile; fileRef = B10001000000000000000027 /* LocalWorkspaceService+Shell.swift */; };
		A10001000000000000000028 /* SidebarContainer.swift in Sources */ = {isa = PBXBuildFile; fileRef = B10001000000000000000028 /* SidebarContainer.swift */; };
		A10001000000000000000029 /* FilesTabContent.swift in Sources */ = {isa = PBXBuildFile; fileRef = B10001000000000000000029 /* FilesTabContent.swift */; };
		A1000100000000000000002A /* SidebarRows.swift in Sources */ = {isa = PBXBuildFile; fileRef = B1000100000000000000002A /* SidebarRows.swift */; };
		A1000100000000000000002B /* SidebarSessionRow.swift in Sources */ = {isa = PBXBuildFile; fileRef = B1000100000000000000002B /* SidebarSessionRow.swift */; };
		A1000100000000000000002C /* CodeFileRow.swift in Sources */ = {isa = PBXBuildFile; fileRef = B1000100000000000000002C /* CodeFileRow.swift */; };
		A1000100000000000000002D /* ToolsPanel.swift in Sources */ = {isa = PBXBuildFile; fileRef = B1000100000000000000002D /* ToolsPanel.swift */; };
		A1000100000000000000002E /* NewProjectCard.swift in Sources */ = {isa = PBXBuildFile; fileRef = B1000100000000000000002E /* NewProjectCard.swift */; };
		A10001000000000000000030 /* BuildSiteCard.swift in Sources */ = {isa = PBXBuildFile; fileRef = B10001000000000000000030 /* BuildSiteCard.swift */; };
		A10001000000000000000031 /* BuildSiteSheet.swift in Sources */ = {isa = PBXBuildFile; fileRef = B10001000000000000000031 /* BuildSiteSheet.swift */; };
		A10001000000000000000032 /* SettingsToolCard.swift in Sources */ = {isa = PBXBuildFile; fileRef = B10001000000000000000032 /* SettingsToolCard.swift */; };
		A10001000000000000000033 /* DesignView.swift in Sources */ = {isa = PBXBuildFile; fileRef = B10001000000000000000033 /* DesignView.swift */; };
		A10001000000000000000035 /* StartProjectSheet.swift in Sources */ = {isa = PBXBuildFile; fileRef = B10001000000000000000035 /* StartProjectSheet.swift */; };
		A10001000000000000000037 /* DesignViewModel.swift in Sources */ = {isa = PBXBuildFile; fileRef = B10001000000000000000037 /* DesignViewModel.swift */; };
		A10001000000000000000038 /* HTTPClient.swift in Sources */ = {isa = PBXBuildFile; fileRef = B10001000000000000000038 /* HTTPClient.swift */; };
		A10001000000000000000039 /* Theme.swift in Sources */ = {isa = PBXBuildFile; fileRef = B10001000000000000000039 /* Theme.swift */; };
		A1000100000000000000003B /* Assets.xcassets in Resources */ = {isa = PBXBuildFile; fileRef = B1000100000000000000003B /* Assets.xcassets */; };
		A1000100000000000000003C /* FirebaseAuth in Frameworks */ = {isa = PBXBuildFile; productRef = E10001000000000000000001 /* FirebaseAuth */; };
		A1000100000000000000003D /* GoogleSignIn in Frameworks */ = {isa = PBXBuildFile; productRef = E10001000000000000000002 /* GoogleSignIn */; };
		A1000100000000000000003F /* GoogleService-Info.plist in Resources */ = {isa = PBXBuildFile; fileRef = 04EA1AE02F35036A000A2556 /* GoogleService-Info.plist */; };
		A10001000000000000000041 /* default-preview.html in Resources */ = {isa = PBXBuildFile; fileRef = B10001000000000000000041 /* default-preview.html */; };
		A10001000000000000000049 /* RequestLogger.swift in Sources */ = {isa = PBXBuildFile; fileRef = B10001000000000000000049 /* RequestLogger.swift */; };
		A1000100000000000000004A /* ContentExtractor.swift in Sources */ = {isa = PBXBuildFile; fileRef = B1000100000000000000004A /* ContentExtractor.swift */; };
		A1000100000000000000004B /* ChatHistoryService.swift in Sources */ = {isa = PBXBuildFile; fileRef = B1000100000000000000004B /* ChatHistoryService.swift */; };
		A1000100000000000000004C /* ChatProjectCoordinator.swift in Sources */ = {isa = PBXBuildFile; fileRef = B1000100000000000000004C /* ChatProjectCoordinator.swift */; };
		A1000100000000000000004D /* SubAgentRole.swift in Sources */ = {isa = PBXBuildFile; fileRef = B1000100000000000000004D /* SubAgentRole.swift */; };
		A1000100000000000000004E /* ChecklistModel.swift in Sources */ = {isa = PBXBuildFile; fileRef = B1000100000000000000004E /* ChecklistModel.swift */; };
		A1000100000000000000004F /* BossSystemPrompts.swift in Sources */ = {isa = PBXBuildFile; fileRef = B1000100000000000000004F /* BossSystemPrompts.swift */; };
		A10001000000000000000050 /* BossToolExecutor.swift in Sources */ = {isa = PBXBuildFile; fileRef = B10001000000000000000050 /* BossToolExecutor.swift */; };
		A10001000000000000000051 /* ChecklistView.swift in Sources */ = {isa = PBXBuildFile; fileRef = B10001000000000000000051 /* ChecklistView.swift */; };
/* End PBXBuildFile section */

/* Begin PBXFileReference section */
		04EA1AE02F35036A000A2556 /* GoogleService-Info.plist */ = {isa = PBXFileReference; lastKnownFileType = text.plist.xml; path = "GoogleService-Info.plist"; sourceTree = "<group>"; };
		B10001000000000000000001 /* ForgeApp.swift */ = {isa = PBXFileReference; lastKnownFileType = sourcecode.swift; path = ForgeApp.swift; sourceTree = "<group>"; };
		B10001000000000000000002 /* AppState.swift */ = {isa = PBXFileReference; lastKnownFileType = sourcecode.swift; path = AppState.swift; sourceTree = "<group>"; };
		B10001000000000000000003 /* AppRouter.swift */ = {isa = PBXFileReference; lastKnownFileType = sourcecode.swift; path = AppRouter.swift; sourceTree = "<group>"; };
		B10001000000000000000005 /* TopbarComponents.swift */ = {isa = PBXFileReference; lastKnownFileType = sourcecode.swift; path = TopbarComponents.swift; sourceTree = "<group>"; };
		B10001000000000000000042 /* Topbar.swift */ = {isa = PBXFileReference; lastKnownFileType = sourcecode.swift; path = Topbar.swift; sourceTree = "<group>"; };
		B10001000000000000000006 /* NotificationService.swift */ = {isa = PBXFileReference; lastKnownFileType = sourcecode.swift; path = NotificationService.swift; sourceTree = "<group>"; };
		B10001000000000000000007 /* AuthService.swift */ = {isa = PBXFileReference; lastKnownFileType = sourcecode.swift; path = AuthService.swift; sourceTree = "<group>"; };
		B10001000000000000000008 /* LoginView.swift */ = {isa = PBXFileReference; lastKnownFileType = sourcecode.swift; path = LoginView.swift; sourceTree = "<group>"; };
		B10001000000000000000009 /* Project.swift */ = {isa = PBXFileReference; lastKnownFileType = sourcecode.swift; path = Project.swift; sourceTree = "<group>"; };
		B1000100000000000000000A /* Page.swift */ = {isa = PBXFileReference; lastKnownFileType = sourcecode.swift; path = Page.swift; sourceTree = "<group>"; };
		B1000100000000000000000B /* PageFilters.swift */ = {isa = PBXFileReference; lastKnownFileType = sourcecode.swift; path = PageFilters.swift; sourceTree = "<group>"; };
		B1000100000000000000000C /* ProjectFormatters.swift */ = {isa = PBXFileReference; lastKnownFileType = sourcecode.swift; path = ProjectFormatters.swift; sourceTree = "<group>"; };
		B1000100000000000000000D /* AIProvider.swift */ = {isa = PBXFileReference; lastKnownFileType = sourcecode.swift; path = AIProvider.swift; sourceTree = "<group>"; };
		B1000100000000000000000E /* AIService.swift */ = {isa = PBXFileReference; lastKnownFileType = sourcecode.swift; path = AIService.swift; sourceTree = "<group>"; };
		B1000100000000000000000F /* AIError.swift */ = {isa = PBXFileReference; lastKnownFileType = sourcecode.swift; path = AIError.swift; sourceTree = "<group>"; };
		B10001000000000000000010 /* GroqService.swift */ = {isa = PBXFileReference; lastKnownFileType = sourcecode.swift; path = GroqService.swift; sourceTree = "<group>"; };
		B10001000000000000000011 /* ClaudeService.swift */ = {isa = PBXFileReference; lastKnownFileType = sourcecode.swift; path = ClaudeService.swift; sourceTree = "<group>"; };
		B10001000000000000000044 /* CerebrasService.swift */ = {isa = PBXFileReference; lastKnownFileType = sourcecode.swift; path = CerebrasService.swift; sourceTree = "<group>"; };
		B10001000000000000000045 /* TogetherService.swift */ = {isa = PBXFileReference; lastKnownFileType = sourcecode.swift; path = TogetherService.swift; sourceTree = "<group>"; };
		B10001000000000000000046 /* ToolDefinition.swift */ = {isa = PBXFileReference; lastKnownFileType = sourcecode.swift; path = ToolDefinition.swift; sourceTree = "<group>"; };
		B10001000000000000000047 /* ToolExecutor.swift */ = {isa = PBXFileReference; lastKnownFileType = sourcecode.swift; path = ToolExecutor.swift; sourceTree = "<group>"; };
		B10001000000000000000048 /* AgentLoop.swift */ = {isa = PBXFileReference; lastKnownFileType = sourcecode.swift; path = AgentLoop.swift; sourceTree = "<group>"; };
		B10001000000000000000012 /* StreamingParser.swift */ = {isa = PBXFileReference; lastKnownFileType = sourcecode.swift; path = StreamingParser.swift; sourceTree = "<group>"; };
		B10001000000000000000013 /* SystemPrompts.swift */ = {isa = PBXFileReference; lastKnownFileType = sourcecode.swift; path = SystemPrompts.swift; sourceTree = "<group>"; };
		B10001000000000000000014 /* KeychainHelper.swift */ = {isa = PBXFileReference; lastKnownFileType = sourcecode.swift; path = KeychainHelper.swift; sourceTree = "<group>"; };
		B10001000000000000000015 /* ChatMessage.swift */ = {isa = PBXFileReference; lastKnownFileType = sourcecode.swift; path = ChatMessage.swift; sourceTree = "<group>"; };
		B10001000000000000000016 /* ChatViewModel.swift */ = {isa = PBXFileReference; lastKnownFileType = sourcecode.swift; path = ChatViewModel.swift; sourceTree = "<group>"; };
		B10001000000000000000017 /* ChatTabContent.swift */ = {isa = PBXFileReference; lastKnownFileType = sourcecode.swift; path = ChatTabContent.swift; sourceTree = "<group>"; };
		B10001000000000000000018 /* ChatBubble.swift */ = {isa = PBXFileReference; lastKnownFileType = sourcecode.swift; path = ChatBubble.swift; sourceTree = "<group>"; };
		B10001000000000000000019 /* FloatingChatWindow.swift */ = {isa = PBXFileReference; lastKnownFileType = sourcecode.swift; path = FloatingChatWindow.swift; sourceTree = "<group>"; };
		B1000100000000000000001A /* WebPreview.swift */ = {isa = PBXFileReference; lastKnownFileType = sourcecode.swift; path = WebPreview.swift; sourceTree = "<group>"; };
		B1000100000000000000001C /* ProjectFile.swift */ = {isa = PBXFileReference; lastKnownFileType = sourcecode.swift; path = ProjectFile.swift; sourceTree = "<group>"; };
		B1000100000000000000001D /* CodeViewModel.swift */ = {isa = PBXFileReference; lastKnownFileType = sourcecode.swift; path = CodeViewModel.swift; sourceTree = "<group>"; };
		B1000100000000000000001E /* CodeEditorView.swift */ = {isa = PBXFileReference; lastKnownFileType = sourcecode.swift; path = CodeEditorView.swift; sourceTree = "<group>"; };
		B1000100000000000000001F /* CodeModeView.swift */ = {isa = PBXFileReference; lastKnownFileType = sourcecode.swift; path = CodeModeView.swift; sourceTree = "<group>"; };
		B10001000000000000000020 /* FileTreeView.swift */ = {isa = PBXFileReference; lastKnownFileType = sourcecode.swift; path = FileTreeView.swift; sourceTree = "<group>"; };
		B10001000000000000000021 /* LocalProject.swift */ = {isa = PBXFileReference; lastKnownFileType = sourcecode.swift; path = LocalProject.swift; sourceTree = "<group>"; };
		B10001000000000000000022 /* LocalWorkspaceTypes.swift */ = {isa = PBXFileReference; lastKnownFileType = sourcecode.swift; path = LocalWorkspaceTypes.swift; sourceTree = "<group>"; };
		B10001000000000000000023 /* LocalWorkspaceService.swift */ = {isa = PBXFileReference; lastKnownFileType = sourcecode.swift; path = LocalWorkspaceService.swift; sourceTree = "<group>"; };
		B10001000000000000000024 /* LocalWorkspaceService+Files.swift */ = {isa = PBXFileReference; lastKnownFileType = sourcecode.swift; path = "LocalWorkspaceService+Files.swift"; sourceTree = "<group>"; };
		B10001000000000000000025 /* LocalWorkspaceService+Preview.swift */ = {isa = PBXFileReference; lastKnownFileType = sourcecode.swift; path = "LocalWorkspaceService+Preview.swift"; sourceTree = "<group>"; };
		B10001000000000000000026 /* LocalWorkspaceService+Git.swift */ = {isa = PBXFileReference; lastKnownFileType = sourcecode.swift; path = "LocalWorkspaceService+Git.swift"; sourceTree = "<group>"; };
		B10001000000000000000027 /* LocalWorkspaceService+Shell.swift */ = {isa = PBXFileReference; lastKnownFileType = sourcecode.swift; path = "LocalWorkspaceService+Shell.swift"; sourceTree = "<group>"; };
		B10001000000000000000028 /* SidebarContainer.swift */ = {isa = PBXFileReference; lastKnownFileType = sourcecode.swift; path = SidebarContainer.swift; sourceTree = "<group>"; };
		B10001000000000000000029 /* FilesTabContent.swift */ = {isa = PBXFileReference; lastKnownFileType = sourcecode.swift; path = FilesTabContent.swift; sourceTree = "<group>"; };
		B1000100000000000000002A /* SidebarRows.swift */ = {isa = PBXFileReference; lastKnownFileType = sourcecode.swift; path = SidebarRows.swift; sourceTree = "<group>"; };
		B1000100000000000000002B /* SidebarSessionRow.swift */ = {isa = PBXFileReference; lastKnownFileType = sourcecode.swift; path = SidebarSessionRow.swift; sourceTree = "<group>"; };
		B1000100000000000000002C /* CodeFileRow.swift */ = {isa = PBXFileReference; lastKnownFileType = sourcecode.swift; path = CodeFileRow.swift; sourceTree = "<group>"; };
		B1000100000000000000002D /* ToolsPanel.swift */ = {isa = PBXFileReference; lastKnownFileType = sourcecode.swift; path = ToolsPanel.swift; sourceTree = "<group>"; };
		B1000100000000000000002E /* NewProjectCard.swift */ = {isa = PBXFileReference; lastKnownFileType = sourcecode.swift; path = NewProjectCard.swift; sourceTree = "<group>"; };
		B10001000000000000000030 /* BuildSiteCard.swift */ = {isa = PBXFileReference; lastKnownFileType = sourcecode.swift; path = BuildSiteCard.swift; sourceTree = "<group>"; };
		B10001000000000000000031 /* BuildSiteSheet.swift */ = {isa = PBXFileReference; lastKnownFileType = sourcecode.swift; path = BuildSiteSheet.swift; sourceTree = "<group>"; };
		B10001000000000000000032 /* SettingsToolCard.swift */ = {isa = PBXFileReference; lastKnownFileType = sourcecode.swift; path = SettingsToolCard.swift; sourceTree = "<group>"; };
		B10001000000000000000033 /* DesignView.swift */ = {isa = PBXFileReference; lastKnownFileType = sourcecode.swift; path = DesignView.swift; sourceTree = "<group>"; };
		B10001000000000000000035 /* StartProjectSheet.swift */ = {isa = PBXFileReference; lastKnownFileType = sourcecode.swift; path = StartProjectSheet.swift; sourceTree = "<group>"; };
		B10001000000000000000037 /* DesignViewModel.swift */ = {isa = PBXFileReference; lastKnownFileType = sourcecode.swift; path = DesignViewModel.swift; sourceTree = "<group>"; };
		B10001000000000000000038 /* HTTPClient.swift */ = {isa = PBXFileReference; lastKnownFileType = sourcecode.swift; path = HTTPClient.swift; sourceTree = "<group>"; };
		B10001000000000000000039 /* Theme.swift */ = {isa = PBXFileReference; lastKnownFileType = sourcecode.swift; path = Theme.swift; sourceTree = "<group>"; };
		B1000100000000000000003B /* Assets.xcassets */ = {isa = PBXFileReference; lastKnownFileType = folder.assetcatalog; path = Assets.xcassets; sourceTree = "<group>"; };
		B1000100000000000000003C /* Forge.entitlements */ = {isa = PBXFileReference; lastKnownFileType = text.plist.entitlements; path = Forge.entitlements; sourceTree = "<group>"; };
		B1000100000000000000003D /* Info.plist */ = {isa = PBXFileReference; lastKnownFileType = text.plist.xml; path = Info.plist; sourceTree = "<group>"; };
		B1000100000000000000003E /* Forge.app */ = {isa = PBXFileReference; explicitFileType = wrapper.application; includeInIndex = 0; path = Forge.app; sourceTree = BUILT_PRODUCTS_DIR; };
		B10001000000000000000041 /* default-preview.html */ = {isa = PBXFileReference; lastKnownFileType = text.html; path = "default-preview.html"; sourceTree = "<group>"; };
		B10001000000000000000049 /* RequestLogger.swift */ = {isa = PBXFileReference; lastKnownFileType = sourcecode.swift; path = RequestLogger.swift; sourceTree = "<group>"; };
		B1000100000000000000004A /* ContentExtractor.swift */ = {isa = PBXFileReference; lastKnownFileType = sourcecode.swift; path = ContentExtractor.swift; sourceTree = "<group>"; };
		B1000100000000000000004B /* ChatHistoryService.swift */ = {isa = PBXFileReference; lastKnownFileType = sourcecode.swift; path = ChatHistoryService.swift; sourceTree = "<group>"; };
		B1000100000000000000004C /* ChatProjectCoordinator.swift */ = {isa = PBXFileReference; lastKnownFileType = sourcecode.swift; path = ChatProjectCoordinator.swift; sourceTree = "<group>"; };
		B1000100000000000000004D /* SubAgentRole.swift */ = {isa = PBXFileReference; lastKnownFileType = sourcecode.swift; path = SubAgentRole.swift; sourceTree = "<group>"; };
		B1000100000000000000004E /* ChecklistModel.swift */ = {isa = PBXFileReference; lastKnownFileType = sourcecode.swift; path = ChecklistModel.swift; sourceTree = "<group>"; };
		B1000100000000000000004F /* BossSystemPrompts.swift */ = {isa = PBXFileReference; lastKnownFileType = sourcecode.swift; path = BossSystemPrompts.swift; sourceTree = "<group>"; };
		B10001000000000000000050 /* BossToolExecutor.swift */ = {isa = PBXFileReference; lastKnownFileType = sourcecode.swift; path = BossToolExecutor.swift; sourceTree = "<group>"; };
		B10001000000000000000051 /* ChecklistView.swift */ = {isa = PBXFileReference; lastKnownFileType = sourcecode.swift; path = ChecklistView.swift; sourceTree = "<group>"; };
/* End PBXFileReference section */

/* Begin PBXFrameworksBuildPhase section */
		C10001000000000000000001 /* Frameworks */ = {
			isa = PBXFrameworksBuildPhase;
			buildActionMask = 2147483647;
			files = (
				A1000100000000000000003C /* FirebaseAuth in Frameworks */,
				A1000100000000000000003D /* GoogleSignIn in Frameworks */,
			);
			runOnlyForDeploymentPostprocessing = 0;
		};
/* End PBXFrameworksBuildPhase section */

/* Begin PBXGroup section */
		D10001000000000000000001 = {
			isa = PBXGroup;
			children = (
				D10001000000000000000002 /* Forge */,
				D10001000000000000000003 /* Products */,
				04EA1AE02F35036A000A2556 /* GoogleService-Info.plist */,
			);
			sourceTree = "<group>";
		};
		D10001000000000000000002 /* Forge */ = {
			isa = PBXGroup;
			children = (
				D10001000000000000000004 /* App */,
				D10001000000000000000050 /* Domains */,
				D10001000000000000000080 /* Shared */,
				D10001000000000000000090 /* Resources */,
				B1000100000000000000003B /* Assets.xcassets */,
				B1000100000000000000003C /* Forge.entitlements */,
				B1000100000000000000003D /* Info.plist */,
			);
			path = Forge;
			sourceTree = "<group>";
		};
		D10001000000000000000003 /* Products */ = {
			isa = PBXGroup;
			children = (
				B1000100000000000000003E /* Forge.app */,
			);
			name = Products;
			sourceTree = "<group>";
		};
		D10001000000000000000004 /* App */ = {
			isa = PBXGroup;
			children = (
				B10001000000000000000002 /* AppState.swift */,
				B10001000000000000000001 /* ForgeApp.swift */,
				D10001000000000000000009 /* Environment */,
				D10001000000000000000005 /* Navigation */,
				D10001000000000000000006 /* UI */,
			);
			path = App;
			sourceTree = "<group>";
		};
		D10001000000000000000005 /* Navigation */ = {
			isa = PBXGroup;
			children = (
				B10001000000000000000003 /* AppRouter.swift */,
			);
			path = Navigation;
			sourceTree = "<group>";
		};
		D10001000000000000000006 /* UI */ = {
			isa = PBXGroup;
			children = (
				D10001000000000000000007 /* Topbar */,
			);
			path = UI;
			sourceTree = "<group>";
		};
		D10001000000000000000007 /* Topbar */ = {
			isa = PBXGroup;
			children = (
				B10001000000000000000042 /* Topbar.swift */,
				D10001000000000000000008 /* Components */,
			);
			path = Topbar;
			sourceTree = "<group>";
		};
		D10001000000000000000008 /* Components */ = {
			isa = PBXGroup;
			children = (
				B10001000000000000000005 /* TopbarComponents.swift */,
			);
			path = Components;
			sourceTree = "<group>";
		};
		D10001000000000000000009 /* Environment */ = {
			isa = PBXGroup;
			children = (
				B10001000000000000000006 /* NotificationService.swift */,
			);
			path = Environment;
			sourceTree = "<group>";
		};
		D10001000000000000000050 /* Domains */ = {
			isa = PBXGroup;
			children = (
				D10001000000000000000058 /* AI */,
				D10001000000000000000051 /* Auth */,
				D10001000000000000000059 /* Chat */,
				D1000100000000000000006D /* Design */,
				D1000100000000000000005F /* Editor */,
				D1000100000000000000005D /* Preview */,
				D10001000000000000000054 /* Projects */,
				D10001000000000000000069 /* Tools */,
				D10001000000000000000063 /* Workspace */,
			);
			path = Domains;
			sourceTree = "<group>";
		};
		D10001000000000000000051 /* Auth */ = {
			isa = PBXGroup;
			children = (
				D10001000000000000000052 /* Services */,
				D10001000000000000000053 /* UI */,
			);
			path = Auth;
			sourceTree = "<group>";
		};
		D10001000000000000000052 /* Services */ = {
			isa = PBXGroup;
			children = (
				B10001000000000000000007 /* AuthService.swift */,
			);
			path = Services;
			sourceTree = "<group>";
		};
		D10001000000000000000053 /* UI */ = {
			isa = PBXGroup;
			children = (
				B10001000000000000000008 /* LoginView.swift */,
			);
			path = UI;
			sourceTree = "<group>";
		};
		D10001000000000000000054 /* Projects */ = {
			isa = PBXGroup;
			children = (
				D10001000000000000000055 /* Domain */,
				D10001000000000000000056 /* Utilities */,
			);
			path = Projects;
			sourceTree = "<group>";
		};
		D10001000000000000000055 /* Domain */ = {
			isa = PBXGroup;
			children = (
				B10001000000000000000009 /* Project.swift */,
				B1000100000000000000000A /* Page.swift */,
			);
			path = Domain;
			sourceTree = "<group>";
		};
		D10001000000000000000056 /* Utilities */ = {
			isa = PBXGroup;
			children = (
				B1000100000000000000000B /* PageFilters.swift */,
				B1000100000000000000000C /* ProjectFormatters.swift */,
			);
			path = Utilities;
			sourceTree = "<group>";
		};
		D10001000000000000000058 /* AI */ = {
			isa = PBXGroup;
			children = (
				B1000100000000000000000D /* AIProvider.swift */,
				B1000100000000000000000F /* AIError.swift */,
				B1000100000000000000000E /* AIService.swift */,
				B10001000000000000000012 /* StreamingParser.swift */,
				B10001000000000000000014 /* KeychainHelper.swift */,
				B10001000000000000000013 /* SystemPrompts.swift */,
				B10001000000000000000049 /* RequestLogger.swift */,
				B10001000000000000000010 /* GroqService.swift */,
				B10001000000000000000011 /* ClaudeService.swift */,
				B10001000000000000000044 /* CerebrasService.swift */,
				B10001000000000000000045 /* TogetherService.swift */,
				D10001000000000000000093 /* Boss */,
				D10001000000000000000091 /* Tools */,
			);
			path = AI;
			sourceTree = "<group>";
		};
		D10001000000000000000091 /* Tools */ = {
			isa = PBXGroup;
			children = (
				B10001000000000000000046 /* ToolDefinition.swift */,
				B10001000000000000000047 /* ToolExecutor.swift */,
				B10001000000000000000048 /* AgentLoop.swift */,
			);
			path = Tools;
			sourceTree = "<group>";
		};
		D10001000000000000000093 /* Boss */ = {
			isa = PBXGroup;
			children = (
				B1000100000000000000004D /* SubAgentRole.swift */,
				B1000100000000000000004E /* ChecklistModel.swift */,
				B1000100000000000000004F /* BossSystemPrompts.swift */,
				B10001000000000000000050 /* BossToolExecutor.swift */,
				B10001000000000000000051 /* ChecklistView.swift */,
			);
			path = Boss;
			sourceTree = "<group>";
		};
		D10001000000000000000059 /* Chat */ = {
			isa = PBXGroup;
			children = (
				D1000100000000000000005A /* Domain */,
				D10001000000000000000092 /* Services */,
				D1000100000000000000005B /* ViewModels */,
				D1000100000000000000005C /* UI */,
			);
			path = Chat;
			sourceTree = "<group>";
		};
		D10001000000000000000092 /* Services */ = {
			isa = PBXGroup;
			children = (
				B1000100000000000000004B /* ChatHistoryService.swift */,
				B1000100000000000000004C /* ChatProjectCoordinator.swift */,
				B1000100000000000000004A /* ContentExtractor.swift */,
			);
			path = Services;
			sourceTree = "<group>";
		};
		D1000100000000000000005A /* Domain */ = {
			isa = PBXGroup;
			children = (
				B10001000000000000000015 /* ChatMessage.swift */,
			);
			path = Domain;
			sourceTree = "<group>";
		};
		D1000100000000000000005B /* ViewModels */ = {
			isa = PBXGroup;
			children = (
				B10001000000000000000016 /* ChatViewModel.swift */,
			);
			path = ViewModels;
			sourceTree = "<group>";
		};
		D1000100000000000000005C /* UI */ = {
			isa = PBXGroup;
			children = (
				B10001000000000000000018 /* ChatBubble.swift */,
				B10001000000000000000017 /* ChatTabContent.swift */,
				B10001000000000000000019 /* FloatingChatWindow.swift */,
			);
			path = UI;
			sourceTree = "<group>";
		};
		D1000100000000000000005D /* Preview */ = {
			isa = PBXGroup;
			children = (
				D1000100000000000000005E /* UI */,
			);
			path = Preview;
			sourceTree = "<group>";
		};
		D1000100000000000000005E /* UI */ = {
			isa = PBXGroup;
			children = (
				B1000100000000000000001A /* WebPreview.swift */,
			);
			path = UI;
			sourceTree = "<group>";
		};
		D1000100000000000000005F /* Editor */ = {
			isa = PBXGroup;
			children = (
				D10001000000000000000060 /* Domain */,
				D10001000000000000000061 /* ViewModels */,
				D10001000000000000000062 /* UI */,
			);
			path = Editor;
			sourceTree = "<group>";
		};
		D10001000000000000000060 /* Domain */ = {
			isa = PBXGroup;
			children = (
				B1000100000000000000001C /* ProjectFile.swift */,
			);
			path = Domain;
			sourceTree = "<group>";
		};
		D10001000000000000000061 /* ViewModels */ = {
			isa = PBXGroup;
			children = (
				B1000100000000000000001D /* CodeViewModel.swift */,
			);
			path = ViewModels;
			sourceTree = "<group>";
		};
		D10001000000000000000062 /* UI */ = {
			isa = PBXGroup;
			children = (
				B1000100000000000000001E /* CodeEditorView.swift */,
				B1000100000000000000001F /* CodeModeView.swift */,
				B10001000000000000000020 /* FileTreeView.swift */,
			);
			path = UI;
			sourceTree = "<group>";
		};
		D10001000000000000000063 /* Workspace */ = {
			isa = PBXGroup;
			children = (
				D10001000000000000000064 /* Domain */,
				D10001000000000000000065 /* Services */,
				D10001000000000000000066 /* UI */,
			);
			path = Workspace;
			sourceTree = "<group>";
		};
		D10001000000000000000064 /* Domain */ = {
			isa = PBXGroup;
			children = (
				B10001000000000000000021 /* LocalProject.swift */,
				B10001000000000000000022 /* LocalWorkspaceTypes.swift */,
			);
			path = Domain;
			sourceTree = "<group>";
		};
		D10001000000000000000065 /* Services */ = {
			isa = PBXGroup;
			children = (
				B10001000000000000000023 /* LocalWorkspaceService.swift */,
				B10001000000000000000024 /* LocalWorkspaceService+Files.swift */,
				B10001000000000000000025 /* LocalWorkspaceService+Preview.swift */,
				B10001000000000000000026 /* LocalWorkspaceService+Git.swift */,
				B10001000000000000000027 /* LocalWorkspaceService+Shell.swift */,
			);
			path = Services;
			sourceTree = "<group>";
		};
		D10001000000000000000066 /* UI */ = {
			isa = PBXGroup;
			children = (
				D10001000000000000000067 /* Sidebar */,
			);
			path = UI;
			sourceTree = "<group>";
		};
		D10001000000000000000067 /* Sidebar */ = {
			isa = PBXGroup;
			children = (
				B10001000000000000000028 /* SidebarContainer.swift */,
				B10001000000000000000029 /* FilesTabContent.swift */,
				B1000100000000000000002A /* SidebarRows.swift */,
				B1000100000000000000002B /* SidebarSessionRow.swift */,
				B1000100000000000000002C /* CodeFileRow.swift */,
			);
			path = Sidebar;
			sourceTree = "<group>";
		};
		D10001000000000000000069 /* Tools */ = {
			isa = PBXGroup;
			children = (
				D1000100000000000000006A /* UI */,
			);
			path = Tools;
			sourceTree = "<group>";
		};
		D1000100000000000000006A /* UI */ = {
			isa = PBXGroup;
			children = (
				B1000100000000000000002D /* ToolsPanel.swift */,
				D1000100000000000000006B /* Cards */,
			);
			path = UI;
			sourceTree = "<group>";
		};
		D1000100000000000000006B /* Cards */ = {
			isa = PBXGroup;
			children = (
				B1000100000000000000002E /* NewProjectCard.swift */,
				B10001000000000000000030 /* BuildSiteCard.swift */,
				B10001000000000000000031 /* BuildSiteSheet.swift */,
				B10001000000000000000032 /* SettingsToolCard.swift */,
			);
			path = Cards;
			sourceTree = "<group>";
		};
		D1000100000000000000006D /* Design */ = {
			isa = PBXGroup;
			children = (
				D1000100000000000000006F /* ViewModels */,
				D1000100000000000000006E /* UI */,
			);
			path = Design;
			sourceTree = "<group>";
		};
		D1000100000000000000006E /* UI */ = {
			isa = PBXGroup;
			children = (
				B10001000000000000000033 /* DesignView.swift */,
				B10001000000000000000035 /* StartProjectSheet.swift */,
			);
			path = UI;
			sourceTree = "<group>";
		};
		D1000100000000000000006F /* ViewModels */ = {
			isa = PBXGroup;
			children = (
				B10001000000000000000037 /* DesignViewModel.swift */,
			);
			path = ViewModels;
			sourceTree = "<group>";
		};
		D10001000000000000000080 /* Shared */ = {
			isa = PBXGroup;
			children = (
				D10001000000000000000082 /* UI */,
				D10001000000000000000081 /* Network */,
			);
			path = Shared;
			sourceTree = "<group>";
		};
		D10001000000000000000081 /* Network */ = {
			isa = PBXGroup;
			children = (
				B10001000000000000000038 /* HTTPClient.swift */,
			);
			path = Network;
			sourceTree = "<group>";
		};
		D10001000000000000000082 /* UI */ = {
			isa = PBXGroup;
			children = (
				B10001000000000000000039 /* Theme.swift */,
				D10001000000000000000083 /* Components */,
			);
			path = UI;
			sourceTree = "<group>";
		};
		D10001000000000000000083 /* Components */ = {
			isa = PBXGroup;
			children = (
			);
			path = Components;
			sourceTree = "<group>";
		};
		D10001000000000000000090 /* Resources */ = {
			isa = PBXGroup;
			children = (
				B10001000000000000000041 /* default-preview.html */,
			);
			path = Resources;
			sourceTree = "<group>";
		};
/* End PBXGroup section */

/* Begin PBXNativeTarget section */
		F10001000000000000000001 /* Forge */ = {
			isa = PBXNativeTarget;
			buildConfigurationList = F10001000000000000000004 /* Build configuration list for PBXNativeTarget "Forge" */;
			buildPhases = (
				C10001000000000000000002 /* Sources */,
				C10001000000000000000001 /* Frameworks */,
				C10001000000000000000003 /* Resources */,
			);
			buildRules = (
			);
			dependencies = (
			);
			name = Forge;
			packageProductDependencies = (
				E10001000000000000000001 /* FirebaseAuth */,
				E10001000000000000000002 /* GoogleSignIn */,
			);
			productName = Forge;
			productReference = B1000100000000000000003E /* Forge.app */;
			productType = "com.apple.product-type.application";
		};
/* End PBXNativeTarget section */

/* Begin PBXProject section */
		F10001000000000000000002 /* Project object */ = {
			isa = PBXProject;
			attributes = {
				BuildIndependentTargetsInParallel = 1;
				LastSwiftUpdateCheck = 1540;
				LastUpgradeCheck = 1540;
				TargetAttributes = {
					F10001000000000000000001 = {
						CreatedOnToolsVersion = 15.4;
					};
				};
			};
			buildConfigurationList = F10001000000000000000003 /* Build configuration list for PBXProject "Forge" */;
			compatibilityVersion = "Xcode 14.0";
			developmentRegion = en;
			hasScannedForEncodings = 0;
			knownRegions = (
				en,
				Base,
			);
			mainGroup = D10001000000000000000001;
			packageReferences = (
				E10001000000000000000003 /* XCRemoteSwiftPackageReference "firebase-ios-sdk" */,
				E10001000000000000000004 /* XCRemoteSwiftPackageReference "GoogleSignIn-iOS" */,
			);
			productRefGroup = D10001000000000000000003 /* Products */;
			projectDirPath = "";
			projectRoot = "";
			targets = (
				F10001000000000000000001 /* Forge */,
			);
		};
/* End PBXProject section */

/* Begin PBXResourcesBuildPhase section */
		C10001000000000000000003 /* Resources */ = {
			isa = PBXResourcesBuildPhase;
			buildActionMask = 2147483647;
			files = (
				A1000100000000000000003B /* Assets.xcassets in Resources */,
				A10001000000000000000041 /* default-preview.html in Resources */,
				A1000100000000000000003F /* GoogleService-Info.plist in Resources */,
			);
			runOnlyForDeploymentPostprocessing = 0;
		};
/* End PBXResourcesBuildPhase section */

/* Begin PBXSourcesBuildPhase section */
		C10001000000000000000002 /* Sources */ = {
			isa = PBXSourcesBuildPhase;
			buildActionMask = 2147483647;
			files = (
				A10001000000000000000002 /* AppState.swift in Sources */,
				A10001000000000000000001 /* ForgeApp.swift in Sources */,
				A10001000000000000000006 /* NotificationService.swift in Sources */,
				A10001000000000000000003 /* AppRouter.swift in Sources */,
				A10001000000000000000005 /* TopbarComponents.swift in Sources */,
				A10001000000000000000042 /* Topbar.swift in Sources */,
				A10001000000000000000039 /* Theme.swift in Sources */,
				A10001000000000000000038 /* HTTPClient.swift in Sources */,
				A1000100000000000000000D /* AIProvider.swift in Sources */,
				A1000100000000000000000F /* AIError.swift in Sources */,
				A1000100000000000000000E /* AIService.swift in Sources */,
				A10001000000000000000012 /* StreamingParser.swift in Sources */,
				A10001000000000000000014 /* KeychainHelper.swift in Sources */,
				A10001000000000000000013 /* SystemPrompts.swift in Sources */,
				A10001000000000000000010 /* GroqService.swift in Sources */,
				A10001000000000000000011 /* ClaudeService.swift in Sources */,
				A10001000000000000000044 /* CerebrasService.swift in Sources */,
				A10001000000000000000046 /* ToolDefinition.swift in Sources */,
				A10001000000000000000047 /* ToolExecutor.swift in Sources */,
				A10001000000000000000048 /* AgentLoop.swift in Sources */,
				A10001000000000000000045 /* TogetherService.swift in Sources */,
				A10001000000000000000009 /* Project.swift in Sources */,
				A1000100000000000000000A /* Page.swift in Sources */,
				A1000100000000000000000B /* PageFilters.swift in Sources */,
				A1000100000000000000000C /* ProjectFormatters.swift in Sources */,
				A10001000000000000000015 /* ChatMessage.swift in Sources */,
				A10001000000000000000016 /* ChatViewModel.swift in Sources */,
				A10001000000000000000018 /* ChatBubble.swift in Sources */,
				A10001000000000000000017 /* ChatTabContent.swift in Sources */,
				A10001000000000000000019 /* FloatingChatWindow.swift in Sources */,
				A1000100000000000000001C /* ProjectFile.swift in Sources */,
				A1000100000000000000001D /* CodeViewModel.swift in Sources */,
				A1000100000000000000001E /* CodeEditorView.swift in Sources */,
				A1000100000000000000001F /* CodeModeView.swift in Sources */,
				A10001000000000000000020 /* FileTreeView.swift in Sources */,
				A10001000000000000000021 /* LocalProject.swift in Sources */,
				A10001000000000000000022 /* LocalWorkspaceTypes.swift in Sources */,
				A10001000000000000000023 /* LocalWorkspaceService.swift in Sources */,
				A10001000000000000000024 /* LocalWorkspaceService+Files.swift in Sources */,
				A10001000000000000000025 /* LocalWorkspaceService+Preview.swift in Sources */,
				A10001000000000000000026 /* LocalWorkspaceService+Git.swift in Sources */,
				A10001000000000000000027 /* LocalWorkspaceService+Shell.swift in Sources */,
				A10001000000000000000028 /* SidebarContainer.swift in Sources */,
				A10001000000000000000029 /* FilesTabContent.swift in Sources */,
				A1000100000000000000002A /* SidebarRows.swift in Sources */,
				A1000100000000000000002B /* SidebarSessionRow.swift in Sources */,
				A1000100000000000000002C /* CodeFileRow.swift in Sources */,
				A10001000000000000000007 /* AuthService.swift in Sources */,
				A10001000000000000000008 /* LoginView.swift in Sources */,
				A1000100000000000000001A /* WebPreview.swift in Sources */,
				A10001000000000000000037 /* DesignViewModel.swift in Sources */,
				A10001000000000000000033 /* DesignView.swift in Sources */,
				A10001000000000000000035 /* StartProjectSheet.swift in Sources */,
				A1000100000000000000002D /* ToolsPanel.swift in Sources */,
				A1000100000000000000002E /* NewProjectCard.swift in Sources */,
				A10001000000000000000030 /* BuildSiteCard.swift in Sources */,
				A10001000000000000000031 /* BuildSiteSheet.swift in Sources */,
				A10001000000000000000032 /* SettingsToolCard.swift in Sources */,
				A10001000000000000000049 /* RequestLogger.swift in Sources */,
				A1000100000000000000004A /* ContentExtractor.swift in Sources */,
				A1000100000000000000004B /* ChatHistoryService.swift in Sources */,
				A1000100000000000000004C /* ChatProjectCoordinator.swift in Sources */,
				A1000100000000000000004D /* SubAgentRole.swift in Sources */,
				A1000100000000000000004E /* ChecklistModel.swift in Sources */,
				A1000100000000000000004F /* BossSystemPrompts.swift in Sources */,
				A10001000000000000000050 /* BossToolExecutor.swift in Sources */,
				A10001000000000000000051 /* ChecklistView.swift in Sources */,
			);
			runOnlyForDeploymentPostprocessing = 0;
		};
/* End PBXSourcesBuildPhase section */

/* Begin XCBuildConfiguration section */
		F10001000000000000000005 /* Debug */ = {
			isa = XCBuildConfiguration;
			buildSettings = {
				ALWAYS_SEARCH_USER_PATHS = NO;
				ASSETCATALOG_COMPILER_GENERATE_SWIFT_ASSET_SYMBOL_EXTENSIONS = YES;
				CLANG_ANALYZER_NONNULL = YES;
				CLANG_ANALYZER_NUMBER_OBJECT_CONVERSION = YES_AGGRESSIVE;
				CLANG_CXX_LANGUAGE_STANDARD = "gnu++20";
				CLANG_ENABLE_MODULES = YES;
				CLANG_ENABLE_OBJC_ARC = YES;
				CLANG_ENABLE_OBJC_WEAK = YES;
				CLANG_WARN_BLOCK_CAPTURE_AUTORELEASING = YES;
				CLANG_WARN_BOOL_CONVERSION = YES;
				CLANG_WARN_COMMA = YES;
				CLANG_WARN_CONSTANT_CONVERSION = YES;
				CLANG_WARN_DEPRECATED_OBJC_IMPLEMENTATIONS = YES;
				CLANG_WARN_DIRECT_OBJC_ISA_USAGE = YES_ERROR;
				CLANG_WARN_DOCUMENTATION_COMMENTS = YES;
				CLANG_WARN_EMPTY_BODY = YES;
				CLANG_WARN_ENUM_CONVERSION = YES;
				CLANG_WARN_INFINITE_RECURSION = YES;
				CLANG_WARN_INT_CONVERSION = YES;
				CLANG_WARN_NON_LITERAL_NULL_CONVERSION = YES;
				CLANG_WARN_OBJC_IMPLICIT_RETAIN_SELF = YES;
				CLANG_WARN_OBJC_LITERAL_CONVERSION = YES;
				CLANG_WARN_OBJC_ROOT_CLASS = YES_ERROR;
				CLANG_WARN_QUOTED_INCLUDE_IN_FRAMEWORK_HEADER = YES;
				CLANG_WARN_RANGE_LOOP_ANALYSIS = YES;
				CLANG_WARN_STRICT_PROTOTYPES = YES;
				CLANG_WARN_SUSPICIOUS_MOVE = YES;
				CLANG_WARN_UNGUARDED_AVAILABILITY = YES_AGGRESSIVE;
				CLANG_WARN_UNREACHABLE_CODE = YES;
				CLANG_WARN__DUPLICATE_METHOD_MATCH = YES;
				COPY_PHASE_STRIP = NO;
				DEBUG_INFORMATION_FORMAT = dwarf;
				ENABLE_STRICT_OBJC_MSGSEND = YES;
				ENABLE_TESTABILITY = YES;
				ENABLE_USER_SCRIPT_SANDBOXING = YES;
				GCC_C_LANGUAGE_STANDARD = gnu17;
				GCC_DYNAMIC_NO_PIC = NO;
				GCC_NO_COMMON_BLOCKS = YES;
				GCC_OPTIMIZATION_LEVEL = 0;
				GCC_PREPROCESSOR_DEFINITIONS = (
					"DEBUG=1",
					"$(inherited)",
				);
				GCC_WARN_64_TO_32_BIT_CONVERSION = YES;
				GCC_WARN_ABOUT_RETURN_TYPE = YES_ERROR;
				GCC_WARN_UNDECLARED_SELECTOR = YES;
				GCC_WARN_UNINITIALIZED_AUTOS = YES_AGGRESSIVE;
				GCC_WARN_UNUSED_FUNCTION = YES;
				GCC_WARN_UNUSED_VARIABLE = YES;
				MACOSX_DEPLOYMENT_TARGET = 26.0;
				MTL_ENABLE_DEBUG_INFO = INCLUDE_SOURCE;
				MTL_FAST_MATH = YES;
				ONLY_ACTIVE_ARCH = YES;
				SDKROOT = macosx;
				SWIFT_ACTIVE_COMPILATION_CONDITIONS = "$(inherited) DEBUG";
				SWIFT_OPTIMIZATION_LEVEL = "-Onone";
			};
			name = Debug;
		};
		F10001000000000000000006 /* Release */ = {
			isa = XCBuildConfiguration;
			buildSettings = {
				ALWAYS_SEARCH_USER_PATHS = NO;
				ASSETCATALOG_COMPILER_GENERATE_SWIFT_ASSET_SYMBOL_EXTENSIONS = YES;
				CLANG_ANALYZER_NONNULL = YES;
				CLANG_ANALYZER_NUMBER_OBJECT_CONVERSION = YES_AGGRESSIVE;
				CLANG_CXX_LANGUAGE_STANDARD = "gnu++20";
				CLANG_ENABLE_MODULES = YES;
				CLANG_ENABLE_OBJC_ARC = YES;
				CLANG_ENABLE_OBJC_WEAK = YES;
				CLANG_WARN_BLOCK_CAPTURE_AUTORELEASING = YES;
				CLANG_WARN_BOOL_CONVERSION = YES;
				CLANG_WARN_COMMA = YES;
				CLANG_WARN_CONSTANT_CONVERSION = YES;
				CLANG_WARN_DEPRECATED_OBJC_IMPLEMENTATIONS = YES;
				CLANG_WARN_DIRECT_OBJC_ISA_USAGE = YES_ERROR;
				CLANG_WARN_DOCUMENTATION_COMMENTS = YES;
				CLANG_WARN_EMPTY_BODY = YES;
				CLANG_WARN_ENUM_CONVERSION = YES;
				CLANG_WARN_INFINITE_RECURSION = YES;
				CLANG_WARN_INT_CONVERSION = YES;
				CLANG_WARN_NON_LITERAL_NULL_CONVERSION = YES;
				CLANG_WARN_OBJC_IMPLICIT_RETAIN_SELF = YES;
				CLANG_WARN_OBJC_LITERAL_CONVERSION = YES;
				CLANG_WARN_OBJC_ROOT_CLASS = YES_ERROR;
				CLANG_WARN_QUOTED_INCLUDE_IN_FRAMEWORK_HEADER = YES;
				CLANG_WARN_RANGE_LOOP_ANALYSIS = YES;
				CLANG_WARN_STRICT_PROTOTYPES = YES;
				CLANG_WARN_SUSPICIOUS_MOVE = YES;
				CLANG_WARN_UNGUARDED_AVAILABILITY = YES_AGGRESSIVE;
				CLANG_WARN_UNREACHABLE_CODE = YES;
				CLANG_WARN__DUPLICATE_METHOD_MATCH = YES;
				COPY_PHASE_STRIP = NO;
				DEBUG_INFORMATION_FORMAT = "dwarf-with-dsym";
				ENABLE_NS_ASSERTIONS = NO;
				ENABLE_STRICT_OBJC_MSGSEND = YES;
				ENABLE_USER_SCRIPT_SANDBOXING = YES;
				GCC_C_LANGUAGE_STANDARD = gnu17;
				GCC_NO_COMMON_BLOCKS = YES;
				GCC_WARN_64_TO_32_BIT_CONVERSION = YES;
				GCC_WARN_ABOUT_RETURN_TYPE = YES_ERROR;
				GCC_WARN_UNDECLARED_SELECTOR = YES;
				GCC_WARN_UNINITIALIZED_AUTOS = YES_AGGRESSIVE;
				GCC_WARN_UNUSED_FUNCTION = YES;
				GCC_WARN_UNUSED_VARIABLE = YES;
				MACOSX_DEPLOYMENT_TARGET = 26.0;
				MTL_ENABLE_DEBUG_INFO = NO;
				MTL_FAST_MATH = YES;
				SDKROOT = macosx;
				SWIFT_COMPILATION_MODE = wholemodule;
			};
			name = Release;
		};
		F10001000000000000000007 /* Debug */ = {
			isa = XCBuildConfiguration;
			buildSettings = {
				ALWAYS_EMBED_SWIFT_STANDARD_LIBRARIES = YES;
				ASSETCATALOG_COMPILER_APPICON_NAME = AppIcon;
				ASSETCATALOG_COMPILER_GLOBAL_ACCENT_COLOR_NAME = AccentColor;
				CODE_SIGN_ENTITLEMENTS = Forge/Forge.entitlements;
				CODE_SIGN_STYLE = Automatic;
				COMBINE_HIDPI_IMAGES = YES;
				CURRENT_PROJECT_VERSION = 1;
				DEVELOPMENT_ASSET_PATHS = "";
				DEVELOPMENT_TEAM = YN36MLTS5L;
				ENABLE_HARDENED_RUNTIME = YES;
				GENERATE_INFOPLIST_FILE = YES;
				INFOPLIST_FILE = Forge/Info.plist;
				INFOPLIST_KEY_LSApplicationCategoryType = "public.app-category.developer-tools";
				INFOPLIST_KEY_NSHumanReadableCopyright = "";
				LD_RUNPATH_SEARCH_PATHS = (
					"$(inherited)",
					"@executable_path/../Frameworks",
				);
				MACOSX_DEPLOYMENT_TARGET = 26.0;
					MARKETING_VERSION = 1.0;
					PRODUCT_BUNDLE_IDENTIFIER = com.forge.app;
					PRODUCT_NAME = "$(TARGET_NAME)";
					SWIFT_EMIT_LOC_STRINGS = YES;
					SWIFT_STRICT_CONCURRENCY = complete;
					SWIFT_VERSION = 6.0;
				};
				name = Debug;
			};
		F10001000000000000000008 /* Release */ = {
			isa = XCBuildConfiguration;
			buildSettings = {
				ALWAYS_EMBED_SWIFT_STANDARD_LIBRARIES = YES;
				ASSETCATALOG_COMPILER_APPICON_NAME = AppIcon;
				ASSETCATALOG_COMPILER_GLOBAL_ACCENT_COLOR_NAME = AccentColor;
				CODE_SIGN_ENTITLEMENTS = Forge/Forge.entitlements;
				CODE_SIGN_STYLE = Automatic;
				COMBINE_HIDPI_IMAGES = YES;
				CURRENT_PROJECT_VERSION = 1;
				DEVELOPMENT_ASSET_PATHS = "";
				DEVELOPMENT_TEAM = YN36MLTS5L;
				ENABLE_HARDENED_RUNTIME = YES;
				GENERATE_INFOPLIST_FILE = YES;
				INFOPLIST_FILE = Forge/Info.plist;
				INFOPLIST_KEY_LSApplicationCategoryType = "public.app-category.developer-tools";
				INFOPLIST_KEY_NSHumanReadableCopyright = "";
				LD_RUNPATH_SEARCH_PATHS = (
					"$(inherited)",
					"@executable_path/../Frameworks",
				);
				MACOSX_DEPLOYMENT_TARGET = 26.0;
					MARKETING_VERSION = 1.0;
					PRODUCT_BUNDLE_IDENTIFIER = com.forge.app;
					PRODUCT_NAME = "$(TARGET_NAME)";
					SWIFT_EMIT_LOC_STRINGS = YES;
					SWIFT_STRICT_CONCURRENCY = complete;
					SWIFT_VERSION = 6.0;
				};
				name = Release;
			};
/* End XCBuildConfiguration section */

/* Begin XCConfigurationList section */
		F10001000000000000000003 /* Build configuration list for PBXProject "Forge" */ = {
			isa = XCConfigurationList;
			buildConfigurations = (
				F10001000000000000000005 /* Debug */,
				F10001000000000000000006 /* Release */,
			);
			defaultConfigurationIsVisible = 0;
			defaultConfigurationName = Release;
		};
		F10001000000000000000004 /* Build configuration list for PBXNativeTarget "Forge" */ = {
			isa = XCConfigurationList;
			buildConfigurations = (
				F10001000000000000000007 /* Debug */,
				F10001000000000000000008 /* Release */,
			);
			defaultConfigurationIsVisible = 0;
			defaultConfigurationName = Release;
		};
/* End XCConfigurationList section */

/* Begin XCRemoteSwiftPackageReference section */
		E10001000000000000000003 /* XCRemoteSwiftPackageReference "firebase-ios-sdk" */ = {
			isa = XCRemoteSwiftPackageReference;
			repositoryURL = "https://github.com/firebase/firebase-ios-sdk.git";
			requirement = {
				kind = upToNextMajorVersion;
				minimumVersion = 11.0.0;
			};
		};
		E10001000000000000000004 /* XCRemoteSwiftPackageReference "GoogleSignIn-iOS" */ = {
			isa = XCRemoteSwiftPackageReference;
			repositoryURL = "https://github.com/google/GoogleSignIn-iOS.git";
			requirement = {
				kind = upToNextMajorVersion;
				minimumVersion = 8.0.0;
			};
		};
/* End XCRemoteSwiftPackageReference section */

/* Begin XCSwiftPackageProductDependency section */
		E10001000000000000000001 /* FirebaseAuth */ = {
			isa = XCSwiftPackageProductDependency;
			package = E10001000000000000000003 /* XCRemoteSwiftPackageReference "firebase-ios-sdk" */;
			productName = FirebaseAuth;
		};
		E10001000000000000000002 /* GoogleSignIn */ = {
			isa = XCSwiftPackageProductDependency;
			package = E10001000000000000000004 /* XCRemoteSwiftPackageReference "GoogleSignIn-iOS" */;
			productName = GoogleSignIn;
		};
/* End XCSwiftPackageProductDependency section */
	};
	rootObject = F10001000000000000000002 /* Project object */;
}
